
Microsoft Visual Studio Solution File, Format Version 12.00
# Visual Studio Version 17
VisualStudioVersion = 17.8.34525.116
MinimumVisualStudioVersion = 10.0.40219.1
Project("{9A19103F-16F7-4668-BE54-9A1E7A4F7556}") = "POC.EncryptionData", "POC.EncryptionData.csproj", "{1F834B27-F1D8-46B7-8C40-DF959649A985}"
EndProject
Project("{FAE04EC0-301F-11D3-BF4B-00C04F79EFBC}") = "POC.EncryptionData.Test", "..\POC.Encryption.Test\POC.EncryptionData.Test.csproj", "{054FA409-98FB-4439-B81F-90DBA3266AED}"
EndProject
Global
	GlobalSection(SolutionConfigurationPlatforms) = preSolution
		Debug|Any CPU = Debug|Any CPU
		Release|Any CPU = Release|Any CPU
	EndGlobalSection
	GlobalSection(ProjectConfigurationPlatforms) = postSolution
		{1F834B27-F1D8-46B7-8C40-DF959649A985}.Debug|Any CPU.ActiveCfg = Debug|Any CPU
		{1F834B27-F1D8-46B7-8C40-DF959649A985}.Debug|Any CPU.Build.0 = Debug|Any CPU
		{1F834B27-F1D8-46B7-8C40-DF959649A985}.Release|Any CPU.ActiveCfg = Release|Any CPU
		{1F834B27-F1D8-46B7-8C40-DF959649A985}.Release|Any CPU.Build.0 = Release|Any CPU
		{054FA409-98FB-4439-B81F-90DBA3266AED}.Debug|Any CPU.ActiveCfg = Debug|Any CPU
		{054FA409-98FB-4439-B81F-90DBA3266AED}.Debug|Any CPU.Build.0 = Debug|Any CPU
		{054FA409-98FB-4439-B81F-90DBA3266AED}.Release|Any CPU.ActiveCfg = Release|Any CPU
		{054FA409-98FB-4439-B81F-90DBA3266AED}.Release|Any CPU.Build.0 = Release|Any CPU
	EndGlobalSection
	GlobalSection(SolutionProperties) = preSolution
		HideSolutionNode = FALSE
	EndGlobalSection
	GlobalSection(ExtensibilityGlobals) = postSolution
		SolutionGuid = {B35B3570-E1D9-4F57-9C8A-54D5EA554F92}
	EndGlobalSection
EndGlobal
